
Microsoft Visual Studio Solution File, Format Version 12.00
# Visual Studio Version 18
VisualStudioVersion = 18.6.11822.322 stable
MinimumVisualStudioVersion = 10.0.40219.1
Project("{FAE04EC0-301F-11D3-BF4B-00C04F79EFBC}") = "VillageRegistry", "VillageRegistry.csproj", "{8AF726A9-252B-CE35-D347-91156ED27412}"
EndProject
Global
	GlobalSection(SolutionConfigurationPlatforms) = preSolution
		Debug|Any CPU = Debug|Any CPU
		Release|Any CPU = Release|Any CPU
	EndGlobalSection
	GlobalSection(ProjectConfigurationPlatforms) = postSolution
		{8AF726A9-252B-CE35-D347-91156ED27412}.Debug|Any CPU.ActiveCfg = Debug|Any CPU
		{8AF726A9-252B-CE35-D347-91156ED27412}.Debug|Any CPU.Build.0 = Debug|Any CPU
		{8AF726A9-252B-CE35-D347-91156ED27412}.Release|Any CPU.ActiveCfg = Release|Any CPU
		{8AF726A9-252B-CE35-D347-91156ED27412}.Release|Any CPU.Build.0 = Release|Any CPU
	EndGlobalSection
	GlobalSection(SolutionProperties) = preSolution
		HideSolutionNode = FALSE
	EndGlobalSection
	GlobalSection(ExtensibilityGlobals) = postSolution
		SolutionGuid = {CF6F4D8B-D1D0-45A9-96EF-4CB8F03877F6}
	EndGlobalSection
EndGlobal
